
Microsoft Visual Studio Solution File, Format Version 12.00
# Visual Studio Version 17
VisualStudioVersion = 17.0.31903.59
MinimumVisualStudioVersion = 10.0.40219.1
Project("{FAE04EC0-301F-11D3-BF4B-00C04F79EFBC}") = "Domain", "Domain\Domain.csproj", "{C7DBB714-7FAF-4379-AB28-71EE315087AB}"
EndProject
Project("{FAE04EC0-301F-11D3-BF4B-00C04F79EFBC}") = "Infrastructure", "Infrastructure\Infrastructure.csproj", "{1C706FAF-4148-49ED-AD6C-4BEDD6ABC5A9}"
EndProject
Project("{FAE04EC0-301F-11D3-BF4B-00C04F79EFBC}") = "WebApi", "WebApi\WebApi.csproj", "{496F0D5C-F657-4B32-8B7A-CD7EC9EE6A3D}"
EndProject
Global
	GlobalSection(SolutionConfigurationPlatforms) = preSolution
		Debug|Any CPU = Debug|Any CPU
		Release|Any CPU = Release|Any CPU
	EndGlobalSection
	GlobalSection(SolutionProperties) = preSolution
		HideSolutionNode = FALSE
	EndGlobalSection
	GlobalSection(ProjectConfigurationPlatforms) = postSolution
		{C7DBB714-7FAF-4379-AB28-71EE315087AB}.Debug|Any CPU.ActiveCfg = Debug|Any CPU
		{C7DBB714-7FAF-4379-AB28-71EE315087AB}.Debug|Any CPU.Build.0 = Debug|Any CPU
		{C7DBB714-7FAF-4379-AB28-71EE315087AB}.Release|Any CPU.ActiveCfg = Release|Any CPU
		{C7DBB714-7FAF-4379-AB28-71EE315087AB}.Release|Any CPU.Build.0 = Release|Any CPU
		{1C706FAF-4148-49ED-AD6C-4BEDD6ABC5A9}.Debug|Any CPU.ActiveCfg = Debug|Any CPU
		{1C706FAF-4148-49ED-AD6C-4BEDD6ABC5A9}.Debug|Any CPU.Build.0 = Debug|Any CPU
		{1C706FAF-4148-49ED-AD6C-4BEDD6ABC5A9}.Release|Any CPU.ActiveCfg = Release|Any CPU
		{1C706FAF-4148-49ED-AD6C-4BEDD6ABC5A9}.Release|Any CPU.Build.0 = Release|Any CPU
		{496F0D5C-F657-4B32-8B7A-CD7EC9EE6A3D}.Debug|Any CPU.ActiveCfg = Debug|Any CPU
		{496F0D5C-F657-4B32-8B7A-CD7EC9EE6A3D}.Debug|Any CPU.Build.0 = Debug|Any CPU
		{496F0D5C-F657-4B32-8B7A-CD7EC9EE6A3D}.Release|Any CPU.ActiveCfg = Release|Any CPU
		{496F0D5C-F657-4B32-8B7A-CD7EC9EE6A3D}.Release|Any CPU.Build.0 = Release|Any CPU
	EndGlobalSection
EndGlobal
